// !$*UTF8*$!
{
	archiveVersion = 1;
	classes = {
	};
	objectVersion = 46;
	objects = {

/* Begin PBXAggregateTarget section */
		3D319A6F163049F800BEBAC3 /* IPA */ = {
			isa = PBXAggregateTarget;
			buildConfigurationList = 3D319A70163049F800BEBAC3 /* Build configuration list for PBXAggregateTarget "IPA" */;
			buildPhases = (
				3D319A7316304A0200BEBAC3 /* ShellScript */,
			);
			dependencies = (
				3D319A7516304A2C00BEBAC3 /* PBXTargetDependency */,
			);
			name = IPA;
			productName = IPA;
		};
/* End PBXAggregateTarget section */

/* Begin PBXBuildFile section */
		2C5D8E4D1622ED9E006ED886 /* cb_dark_off.png in Resources */ = {isa = PBXBuildFile; fileRef = 2C5D8E491622ED9E006ED886 /* cb_dark_off.png */; };
		2C5D8E4E1622ED9E006ED886 /* cb_dark_off@2x.png in Resources */ = {isa = PBXBuildFile; fileRef = 2C5D8E4A1622ED9E006ED886 /* cb_dark_off@2x.png */; };
		2C5D8E4F1622ED9E006ED886 /* cb_dark_on.png in Resources */ = {isa = PBXBuildFile; fileRef = 2C5D8E4B1622ED9E006ED886 /* cb_dark_on.png */; };
		2C5D8E501622ED9E006ED886 /* cb_dark_on@2x.png in Resources */ = {isa = PBXBuildFile; fileRef = 2C5D8E4C1622ED9E006ED886 /* cb_dark_on@2x.png */; };
		2C5D8E551622FD97006ED886 /* GetAd.png in Resources */ = {isa = PBXBuildFile; fileRef = 2C5D8E521622FD97006ED886 /* GetAd.png */; };
		2C5D8E561622FD97006ED886 /* Response.png in Resources */ = {isa = PBXBuildFile; fileRef = 2C5D8E531622FD97006ED886 /* Response.png */; };
		2C5D8E571622FD97006ED886 /* Settings.png in Resources */ = {isa = PBXBuildFile; fileRef = 2C5D8E541622FD97006ED886 /* Settings.png */; };
		2CDEEC6F161F18C900923EDC /* UIKit.framework in Frameworks */ = {isa = PBXBuildFile; fileRef = 2CDEEC6E161F18C900923EDC /* UIKit.framework */; };
		2CDEEC71161F18C900923EDC /* Foundation.framework in Frameworks */ = {isa = PBXBuildFile; fileRef = 2CDEEC70161F18C900923EDC /* Foundation.framework */; };
		2CDEEC73161F18C900923EDC /* CoreGraphics.framework in Frameworks */ = {isa = PBXBuildFile; fileRef = 2CDEEC72161F18C900923EDC /* CoreGraphics.framework */; };
		2CDEEC79161F18CA00923EDC /* InfoPlist.strings in Resources */ = {isa = PBXBuildFile; fileRef = 2CDEEC77161F18C900923EDC /* InfoPlist.strings */; };
		2CDEEC7B161F18CA00923EDC /* main.m in Sources */ = {isa = PBXBuildFile; fileRef = 2CDEEC7A161F18CA00923EDC /* main.m */; };
		2CDEEC7F161F18CA00923EDC /* AppDelegate.m in Sources */ = {isa = PBXBuildFile; fileRef = 2CDEEC7E161F18CA00923EDC /* AppDelegate.m */; };
		2CDEEC82161F18CA00923EDC /* FirstViewController.m in Sources */ = {isa = PBXBuildFile; fileRef = 2CDEEC81161F18CA00923EDC /* FirstViewController.m */; };
		2CDEEC89161F18CA00923EDC /* SecondViewController.m in Sources */ = {isa = PBXBuildFile; fileRef = 2CDEEC88161F18CA00923EDC /* SecondViewController.m */; };
		2CDEEC90161F18CA00923EDC /* FirstViewController.xib in Resources */ = {isa = PBXBuildFile; fileRef = 2CDEEC8E161F18CA00923EDC /* FirstViewController.xib */; };
		2CDEEC93161F18CA00923EDC /* SecondViewController.xib in Resources */ = {isa = PBXBuildFile; fileRef = 2CDEEC91161F18CA00923EDC /* SecondViewController.xib */; };
		2CDEEC9D161F190800923EDC /* ThirdViewController.m in Sources */ = {isa = PBXBuildFile; fileRef = 2CDEEC9B161F190800923EDC /* ThirdViewController.m */; };
		2CDEEC9E161F190800923EDC /* ThirdViewController.xib in Resources */ = {isa = PBXBuildFile; fileRef = 2CDEEC9C161F190800923EDC /* ThirdViewController.xib */; };
		332030A0161F1FB00021A1DB /* Security.framework in Frameworks */ = {isa = PBXBuildFile; fileRef = 3320309E161F1FB00021A1DB /* Security.framework */; };
		332030A1161F1FB00021A1DB /* SystemConfiguration.framework in Frameworks */ = {isa = PBXBuildFile; fileRef = 3320309F161F1FB00021A1DB /* SystemConfiguration.framework */; };
		3D0AA522164BB40600C6A894 /* ATTPopupWindow.m in Sources */ = {isa = PBXBuildFile; fileRef = 3D0AA520164BB40600C6A894 /* ATTPopupWindow.m */; };
		3D1D12761639996C008277DC /* popupCloseBtn.png in Resources */ = {isa = PBXBuildFile; fileRef = 3D1D12721639996C008277DC /* popupCloseBtn.png */; };
		3D1D12771639996C008277DC /* popupCloseBtn@2x.png in Resources */ = {isa = PBXBuildFile; fileRef = 3D1D12731639996C008277DC /* popupCloseBtn@2x.png */; };
		3D1D12781639996C008277DC /* popupWindowBack.png in Resources */ = {isa = PBXBuildFile; fileRef = 3D1D12741639996C008277DC /* popupWindowBack.png */; };
		3D1D12791639996C008277DC /* popupWindowBack@2x.png in Resources */ = {isa = PBXBuildFile; fileRef = 3D1D12751639996C008277DC /* popupWindowBack@2x.png */; };
		3D214C1E1626C85700388A52 /* DropDownCell.m in Sources */ = {isa = PBXBuildFile; fileRef = 3D214C1C1626C85700388A52 /* DropDownCell.m */; };
		3D214C1F1626C85700388A52 /* DropDownCell.xib in Resources */ = {isa = PBXBuildFile; fileRef = 3D214C1D1626C85700388A52 /* DropDownCell.xib */; };
		3D214C231626C87100388A52 /* arrow_down.png in Resources */ = {isa = PBXBuildFile; fileRef = 3D214C211626C87100388A52 /* arrow_down.png */; };
		3D214C241626C87100388A52 /* arrow_up.png in Resources */ = {isa = PBXBuildFile; fileRef = 3D214C221626C87100388A52 /* arrow_up.png */; };
		3D214C291626ED8400388A52 /* UITableContract.png in Resources */ = {isa = PBXBuildFile; fileRef = 3D214C251626ED8400388A52 /* UITableContract.png */; };
		3D214C2A1626ED8400388A52 /* UITableContract@2x.png in Resources */ = {isa = PBXBuildFile; fileRef = 3D214C261626ED8400388A52 /* UITableContract@2x.png */; };
		3D214C2B1626ED8400388A52 /* UITableExpand.png in Resources */ = {isa = PBXBuildFile; fileRef = 3D214C271626ED8400388A52 /* UITableExpand.png */; };
		3D214C2C1626ED8400388A52 /* UITableExpand@2x.png in Resources */ = {isa = PBXBuildFile; fileRef = 3D214C281626ED8400388A52 /* UITableExpand@2x.png */; };
		3D319A7716304C6F00BEBAC3 /* iTunesArtwork.png in Resources */ = {isa = PBXBuildFile; fileRef = 3D319A7616304C6F00BEBAC3 /* iTunesArtwork.png */; };
		3D8E2E85165F883B00701DD3 /* Reachability.m in Sources */ = {isa = PBXBuildFile; fileRef = 3D8E2E84165F883B00701DD3 /* Reachability.m */; };
		3DEAA7EE1636680D00AEE0FF /* Icon.png in Resources */ = {isa = PBXBuildFile; fileRef = 3DEAA7EC1636680D00AEE0FF /* Icon.png */; };
		3DEAA7EF1636680D00AEE0FF /* Icon@2x.png in Resources */ = {isa = PBXBuildFile; fileRef = 3DEAA7ED1636680D00AEE0FF /* Icon@2x.png */; };
		3DEAA7F21636681B00AEE0FF /* splash.png in Resources */ = {isa = PBXBuildFile; fileRef = 3DEAA7F01636681B00AEE0FF /* splash.png */; };
		3DEAA7F31636681B00AEE0FF /* splash@2x.png in Resources */ = {isa = PBXBuildFile; fileRef = 3DEAA7F11636681B00AEE0FF /* splash@2x.png */; };
		3DF3FEB21622AB0A0001E60D /* CoreLocation.framework in Frameworks */ = {isa = PBXBuildFile; fileRef = 3DF3FEB11622AB0A0001E60D /* CoreLocation.framework */; };
		5CF21FFA171583EF0088BBE5 /* libATTAdLibrary.a in Frameworks */ = {isa = PBXBuildFile; fileRef = 5CF21FF9171583EF0088BBE5 /* libATTAdLibrary.a */; };
		5CF4972D1642991F0034A267 /* Default-568h@2x.png in Resources */ = {isa = PBXBuildFile; fileRef = 5CF4972C1642991F0034A267 /* Default-568h@2x.png */; };
/* End PBXBuildFile section */

/* Begin PBXContainerItemProxy section */
		3D319A7416304A2C00BEBAC3 /* PBXContainerItemProxy */ = {
			isa = PBXContainerItemProxy;
			containerPortal = 2CDEEC61161F18C900923EDC /* Project object */;
			proxyType = 1;
			remoteGlobalIDString = 2CDEEC69161F18C900923EDC;
			remoteInfo = ATTAdKitSampleApp;
		};
/* End PBXContainerItemProxy section */

/* Begin PBXFileReference section */
		2C5D8E491622ED9E006ED886 /* cb_dark_off.png */ = {isa = PBXFileReference; lastKnownFileType = image.png; path = cb_dark_off.png; sourceTree = "<group>"; };
		2C5D8E4A1622ED9E006ED886 /* cb_dark_off@2x.png */ = {isa = PBXFileReference; lastKnownFileType = image.png; path = "cb_dark_off@2x.png"; sourceTree = "<group>"; };
		2C5D8E4B1622ED9E006ED886 /* cb_dark_on.png */ = {isa = PBXFileReference; lastKnownFileType = image.png; path = cb_dark_on.png; sourceTree = "<group>"; };
		2C5D8E4C1622ED9E006ED886 /* cb_dark_on@2x.png */ = {isa = PBXFileReference; lastKnownFileType = image.png; path = "cb_dark_on@2x.png"; sourceTree = "<group>"; };
		2C5D8E521622FD97006ED886 /* GetAd.png */ = {isa = PBXFileReference; lastKnownFileType = image.png; path = GetAd.png; sourceTree = "<group>"; };
		2C5D8E531622FD97006ED886 /* Response.png */ = {isa = PBXFileReference; lastKnownFileType = image.png; path = Response.png; sourceTree = "<group>"; };
		2C5D8E541622FD97006ED886 /* Settings.png */ = {isa = PBXFileReference; lastKnownFileType = image.png; path = Settings.png; sourceTree = "<group>"; };
		2CDEEC6A161F18C900923EDC /* ATTAdKitSampleApp.app */ = {isa = PBXFileReference; explicitFileType = wrapper.application; includeInIndex = 0; path = ATTAdKitSampleApp.app; sourceTree = BUILT_PRODUCTS_DIR; };
		2CDEEC6E161F18C900923EDC /* UIKit.framework */ = {isa = PBXFileReference; lastKnownFileType = wrapper.framework; name = UIKit.framework; path = System/Library/Frameworks/UIKit.framework; sourceTree = SDKROOT; };
		2CDEEC70161F18C900923EDC /* Foundation.framework */ = {isa = PBXFileReference; lastKnownFileType = wrapper.framework; name = Foundation.framework; path = System/Library/Frameworks/Foundation.framework; sourceTree = SDKROOT; };
		2CDEEC72161F18C900923EDC /* CoreGraphics.framework */ = {isa = PBXFileReference; lastKnownFileType = wrapper.framework; name = CoreGraphics.framework; path = System/Library/Frameworks/CoreGraphics.framework; sourceTree = SDKROOT; };
		2CDEEC76161F18C900923EDC /* ATTAdKitSampleApp-Info.plist */ = {isa = PBXFileReference; lastKnownFileType = text.plist.xml; path = "ATTAdKitSampleApp-Info.plist"; sourceTree = "<group>"; };
		2CDEEC78161F18C900923EDC /* en */ = {isa = PBXFileReference; lastKnownFileType = text.plist.strings; name = en; path = en.lproj/InfoPlist.strings; sourceTree = "<group>"; };
		2CDEEC7A161F18CA00923EDC /* main.m */ = {isa = PBXFileReference; lastKnownFileType = sourcecode.c.objc; path = main.m; sourceTree = "<group>"; };
		2CDEEC7C161F18CA00923EDC /* ATTAdKitSampleApp-Prefix.pch */ = {isa = PBXFileReference; lastKnownFileType = sourcecode.c.h; path = "ATTAdKitSampleApp-Prefix.pch"; sourceTree = "<group>"; };
		2CDEEC7D161F18CA00923EDC /* AppDelegate.h */ = {isa = PBXFileReference; lastKnownFileType = sourcecode.c.h; path = AppDelegate.h; sourceTree = "<group>"; };
		2CDEEC7E161F18CA00923EDC /* AppDelegate.m */ = {isa = PBXFileReference; lastKnownFileType = sourcecode.c.objc; path = AppDelegate.m; sourceTree = "<group>"; };
		2CDEEC80161F18CA00923EDC /* FirstViewController.h */ = {isa = PBXFileReference; lastKnownFileType = sourcecode.c.h; path = FirstViewController.h; sourceTree = "<group>"; };
		2CDEEC81161F18CA00923EDC /* FirstViewController.m */ = {isa = PBXFileReference; lastKnownFileType = sourcecode.c.objc; path = FirstViewController.m; sourceTree = "<group>"; };
		2CDEEC87161F18CA00923EDC /* SecondViewController.h */ = {isa = PBXFileReference; lastKnownFileType = sourcecode.c.h; path = SecondViewController.h; sourceTree = "<group>"; };
		2CDEEC88161F18CA00923EDC /* SecondViewController.m */ = {isa = PBXFileReference; lastKnownFileType = sourcecode.c.objc; path = SecondViewController.m; sourceTree = "<group>"; };
		2CDEEC8F161F18CA00923EDC /* en */ = {isa = PBXFileReference; lastKnownFileType = file.xib; name = en; path = en.lproj/FirstViewController.xib; sourceTree = "<group>"; };
		2CDEEC92161F18CA00923EDC /* en */ = {isa = PBXFileReference; lastKnownFileType = file.xib; name = en; path = en.lproj/SecondViewController.xib; sourceTree = "<group>"; };
		2CDEEC9A161F190800923EDC /* ThirdViewController.h */ = {isa = PBXFileReference; fileEncoding = 4; lastKnownFileType = sourcecode.c.h; path = ThirdViewController.h; sourceTree = "<group>"; };
		2CDEEC9B161F190800923EDC /* ThirdViewController.m */ = {isa = PBXFileReference; fileEncoding = 4; lastKnownFileType = sourcecode.c.objc; path = ThirdViewController.m; sourceTree = "<group>"; };
		2CDEEC9C161F190800923EDC /* ThirdViewController.xib */ = {isa = PBXFileReference; fileEncoding = 4; lastKnownFileType = file.xib; path = ThirdViewController.xib; sourceTree = "<group>"; };
		3320309E161F1FB00021A1DB /* Security.framework */ = {isa = PBXFileReference; lastKnownFileType = wrapper.framework; name = Security.framework; path = System/Library/Frameworks/Security.framework; sourceTree = SDKROOT; };
		3320309F161F1FB00021A1DB /* SystemConfiguration.framework */ = {isa = PBXFileReference; lastKnownFileType = wrapper.framework; name = SystemConfiguration.framework; path = System/Library/Frameworks/SystemConfiguration.framework; sourceTree = SDKROOT; };
		3D0AA520164BB40600C6A894 /* ATTPopupWindow.m */ = {isa = PBXFileReference; fileEncoding = 4; lastKnownFileType = sourcecode.c.objc; path = ATTPopupWindow.m; sourceTree = "<group>"; };
		3D0AA521164BB40600C6A894 /* ATTPopupWindow.h */ = {isa = PBXFileReference; fileEncoding = 4; lastKnownFileType = sourcecode.c.h; path = ATTPopupWindow.h; sourceTree = "<group>"; };
		3D1D12721639996C008277DC /* popupCloseBtn.png */ = {isa = PBXFileReference; lastKnownFileType = image.png; path = popupCloseBtn.png; sourceTree = "<group>"; };
		3D1D12731639996C008277DC /* popupCloseBtn@2x.png */ = {isa = PBXFileReference; lastKnownFileType = image.png; path = "popupCloseBtn@2x.png"; sourceTree = "<group>"; };
		3D1D12741639996C008277DC /* popupWindowBack.png */ = {isa = PBXFileReference; lastKnownFileType = image.png; path = popupWindowBack.png; sourceTree = "<group>"; };
		3D1D12751639996C008277DC /* popupWindowBack@2x.png */ = {isa = PBXFileReference; lastKnownFileType = image.png; path = "popupWindowBack@2x.png"; sourceTree = "<group>"; };
		3D214C1B1626C85700388A52 /* DropDownCell.h */ = {isa = PBXFileReference; fileEncoding = 4; lastKnownFileType = sourcecode.c.h; path = DropDownCell.h; sourceTree = "<group>"; };
		3D214C1C1626C85700388A52 /* DropDownCell.m */ = {isa = PBXFileReference; fileEncoding = 4; lastKnownFileType = sourcecode.c.objc; path = DropDownCell.m; sourceTree = "<group>"; };
		3D214C1D1626C85700388A52 /* DropDownCell.xib */ = {isa = PBXFileReference; fileEncoding = 4; lastKnownFileType = file.xib; path = DropDownCell.xib; sourceTree = "<group>"; };
		3D214C211626C87100388A52 /* arrow_down.png */ = {isa = PBXFileReference; lastKnownFileType = image.png; path = arrow_down.png; sourceTree = "<group>"; };
		3D214C221626C87100388A52 /* arrow_up.png */ = {isa = PBXFileReference; lastKnownFileType = image.png; path = arrow_up.png; sourceTree = "<group>"; };
		3D214C251626ED8400388A52 /* UITableContract.png */ = {isa = PBXFileReference; lastKnownFileType = image.png; path = UITableContract.png; sourceTree = "<group>"; };
		3D214C261626ED8400388A52 /* UITableContract@2x.png */ = {isa = PBXFileReference; lastKnownFileType = image.png; path = "UITableContract@2x.png"; sourceTree = "<group>"; };
		3D214C271626ED8400388A52 /* UITableExpand.png */ = {isa = PBXFileReference; lastKnownFileType = image.png; path = UITableExpand.png; sourceTree = "<group>"; };
		3D214C281626ED8400388A52 /* UITableExpand@2x.png */ = {isa = PBXFileReference; lastKnownFileType = image.png; path = "UITableExpand@2x.png"; sourceTree = "<group>"; };
		3D319A7616304C6F00BEBAC3 /* iTunesArtwork.png */ = {isa = PBXFileReference; lastKnownFileType = image.png; path = iTunesArtwork.png; sourceTree = "<group>"; };
		3D8E2E83165F883B00701DD3 /* Reachability.h */ = {isa = PBXFileReference; fileEncoding = 4; lastKnownFileType = sourcecode.c.h; path = Reachability.h; sourceTree = "<group>"; };
		3D8E2E84165F883B00701DD3 /* Reachability.m */ = {isa = PBXFileReference; fileEncoding = 4; lastKnownFileType = sourcecode.c.objc; path = Reachability.m; sourceTree = "<group>"; };
		3DEAA7EC1636680D00AEE0FF /* Icon.png */ = {isa = PBXFileReference; lastKnownFileType = image.png; path = Icon.png; sourceTree = "<group>"; };
		3DEAA7ED1636680D00AEE0FF /* Icon@2x.png */ = {isa = PBXFileReference; lastKnownFileType = image.png; path = "Icon@2x.png"; sourceTree = "<group>"; };
		3DEAA7F01636681B00AEE0FF /* splash.png */ = {isa = PBXFileReference; lastKnownFileType = image.png; path = splash.png; sourceTree = "<group>"; };
		3DEAA7F11636681B00AEE0FF /* splash@2x.png */ = {isa = PBXFileReference; lastKnownFileType = image.png; path = "splash@2x.png"; sourceTree = "<group>"; };
		3DF3FEB11622AB0A0001E60D /* CoreLocation.framework */ = {isa = PBXFileReference; lastKnownFileType = wrapper.framework; name = CoreLocation.framework; path = System/Library/Frameworks/CoreLocation.framework; sourceTree = SDKROOT; };
		5C5B4EA21712F3B200B6C85A /* ATTAdView.h */ = {isa = PBXFileReference; fileEncoding = 4; lastKnownFileType = sourcecode.c.h; path = ATTAdView.h; sourceTree = "<group>"; };
		5C5B4EA31712F3B200B6C85A /* ATTAdViewDelegate.h */ = {isa = PBXFileReference; fileEncoding = 4; lastKnownFileType = sourcecode.c.h; path = ATTAdViewDelegate.h; sourceTree = "<group>"; };
		5CF21FF9171583EF0088BBE5 /* libATTAdLibrary.a */ = {isa = PBXFileReference; lastKnownFileType = archive.ar; path = libATTAdLibrary.a; sourceTree = "<group>"; };
		5CF4972C1642991F0034A267 /* Default-568h@2x.png */ = {isa = PBXFileReference; lastKnownFileType = image.png; path = "Default-568h@2x.png"; sourceTree = "<group>"; };
/* End PBXFileReference section */

/* Begin PBXFrameworksBuildPhase section */
		2CDEEC67161F18C900923EDC /* Frameworks */ = {
			isa = PBXFrameworksBuildPhase;
			buildActionMask = 2147483647;
			files = (
				3DF3FEB21622AB0A0001E60D /* CoreLocation.framework in Frameworks */,
				2CDEEC6F161F18C900923EDC /* UIKit.framework in Frameworks */,
				2CDEEC71161F18C900923EDC /* Foundation.framework in Frameworks */,
				2CDEEC73161F18C900923EDC /* CoreGraphics.framework in Frameworks */,
				332030A0161F1FB00021A1DB /* Security.framework in Frameworks */,
				332030A1161F1FB00021A1DB /* SystemConfiguration.framework in Frameworks */,
				5CF21FFA171583EF0088BBE5 /* libATTAdLibrary.a in Frameworks */,
			);
			runOnlyForDeploymentPostprocessing = 0;
		};
/* End PBXFrameworksBuildPhase section */

/* Begin PBXGroup section */
		2CDEEC5F161F18C900923EDC = {
			isa = PBXGroup;
			children = (
				5CF4972C1642991F0034A267 /* Default-568h@2x.png */,
				3D8E2E7C165F866A00701DD3 /* Reachability */,
				3D54F1351631929D00899BB1 /* Resources */,
				2CDEEC74161F18C900923EDC /* ATTAdKitSampleApp */,
				2CDEEC6D161F18C900923EDC /* Frameworks */,
				2CDEEC6B161F18C900923EDC /* Products */,
			);
			sourceTree = "<group>";
		};
		2CDEEC6B161F18C900923EDC /* Products */ = {
			isa = PBXGroup;
			children = (
				2CDEEC6A161F18C900923EDC /* ATTAdKitSampleApp.app */,
			);
			name = Products;
			sourceTree = "<group>";
		};
		2CDEEC6D161F18C900923EDC /* Frameworks */ = {
			isa = PBXGroup;
			children = (
				5CF21FF9171583EF0088BBE5 /* libATTAdLibrary.a */,
				3DF3FEB11622AB0A0001E60D /* CoreLocation.framework */,
				3320309E161F1FB00021A1DB /* Security.framework */,
				3320309F161F1FB00021A1DB /* SystemConfiguration.framework */,
				2CDEEC6E161F18C900923EDC /* UIKit.framework */,
				2CDEEC70161F18C900923EDC /* Foundation.framework */,
				2CDEEC72161F18C900923EDC /* CoreGraphics.framework */,
			);
			name = Frameworks;
			sourceTree = "<group>";
		};
		2CDEEC74161F18C900923EDC /* ATTAdKitSampleApp */ = {
			isa = PBXGroup;
			children = (
				3D0AA520164BB40600C6A894 /* ATTPopupWindow.m */,
				3D0AA521164BB40600C6A894 /* ATTPopupWindow.h */,
				3320309B161F1F680021A1DB /* LibraryHeaders */,
				2CDEEC7D161F18CA00923EDC /* AppDelegate.h */,
				2CDEEC7E161F18CA00923EDC /* AppDelegate.m */,
				2CDEEC80161F18CA00923EDC /* FirstViewController.h */,
				2CDEEC81161F18CA00923EDC /* FirstViewController.m */,
				2CDEEC87161F18CA00923EDC /* SecondViewController.h */,
				2CDEEC88161F18CA00923EDC /* SecondViewController.m */,
				2CDEEC9A161F190800923EDC /* ThirdViewController.h */,
				2CDEEC9B161F190800923EDC /* ThirdViewController.m */,
				2CDEEC8E161F18CA00923EDC /* FirstViewController.xib */,
				2CDEEC91161F18CA00923EDC /* SecondViewController.xib */,
				2CDEEC9C161F190800923EDC /* ThirdViewController.xib */,
				3D214C1B1626C85700388A52 /* DropDownCell.h */,
				3D214C1C1626C85700388A52 /* DropDownCell.m */,
				3D214C1D1626C85700388A52 /* DropDownCell.xib */,
				2CDEEC75161F18C900923EDC /* Supporting Files */,
			);
			name = ATTAdKitSampleApp;
			path = SampleAppTemplate;
			sourceTree = "<group>";
		};
		2CDEEC75161F18C900923EDC /* Supporting Files */ = {
			isa = PBXGroup;
			children = (
				2CDEEC76161F18C900923EDC /* ATTAdKitSampleApp-Info.plist */,
				2CDEEC77161F18C900923EDC /* InfoPlist.strings */,
				2CDEEC7A161F18CA00923EDC /* main.m */,
				2CDEEC7C161F18CA00923EDC /* ATTAdKitSampleApp-Prefix.pch */,
			);
			name = "Supporting Files";
			sourceTree = "<group>";
		};
		3320309B161F1F680021A1DB /* LibraryHeaders */ = {
			isa = PBXGroup;
			children = (
				5C5B4EA21712F3B200B6C85A /* ATTAdView.h */,
				5C5B4EA31712F3B200B6C85A /* ATTAdViewDelegate.h */,
			);
			name = LibraryHeaders;
			sourceTree = "<group>";
		};
		3D54F1351631929D00899BB1 /* Resources */ = {
			isa = PBXGroup;
			children = (
				3D1D12721639996C008277DC /* popupCloseBtn.png */,
				3D1D12731639996C008277DC /* popupCloseBtn@2x.png */,
				3D1D12741639996C008277DC /* popupWindowBack.png */,
				3D1D12751639996C008277DC /* popupWindowBack@2x.png */,
				3DEAA7F01636681B00AEE0FF /* splash.png */,
				3DEAA7F11636681B00AEE0FF /* splash@2x.png */,
				3DEAA7EC1636680D00AEE0FF /* Icon.png */,
				3DEAA7ED1636680D00AEE0FF /* Icon@2x.png */,
				3D319A7616304C6F00BEBAC3 /* iTunesArtwork.png */,
				2C5D8E491622ED9E006ED886 /* cb_dark_off.png */,
				2C5D8E521622FD97006ED886 /* GetAd.png */,
				2C5D8E531622FD97006ED886 /* Response.png */,
				2C5D8E541622FD97006ED886 /* Settings.png */,
				2C5D8E4A1622ED9E006ED886 /* cb_dark_off@2x.png */,
				2C5D8E4B1622ED9E006ED886 /* cb_dark_on.png */,
				2C5D8E4C1622ED9E006ED886 /* cb_dark_on@2x.png */,
				3D214C251626ED8400388A52 /* UITableContract.png */,
				3D214C261626ED8400388A52 /* UITableContract@2x.png */,
				3D214C271626ED8400388A52 /* UITableExpand.png */,
				3D214C281626ED8400388A52 /* UITableExpand@2x.png */,
				3D214C211626C87100388A52 /* arrow_down.png */,
				3D214C221626C87100388A52 /* arrow_up.png */,
			);
			name = Resources;
			sourceTree = "<group>";
		};
		3D8E2E7C165F866A00701DD3 /* Reachability */ = {
			isa = PBXGroup;
			children = (
				3D8E2E83165F883B00701DD3 /* Reachability.h */,
				3D8E2E84165F883B00701DD3 /* Reachability.m */,
			);
			name = Reachability;
			sourceTree = "<group>";
		};
/* End PBXGroup section */

/* Begin PBXNativeTarget section */
		2CDEEC69161F18C900923EDC /* ATTAdKitSampleApp */ = {
			isa = PBXNativeTarget;
			buildConfigurationList = 2CDEEC96161F18CA00923EDC /* Build configuration list for PBXNativeTarget "ATTAdKitSampleApp" */;
			buildPhases = (
				2CDEEC66161F18C900923EDC /* Sources */,
				2CDEEC67161F18C900923EDC /* Frameworks */,
				2CDEEC68161F18C900923EDC /* Resources */,
			);
			buildRules = (
			);
			dependencies = (
			);
			name = ATTAdKitSampleApp;
			productName = SampleAppTemplate;
			productReference = 2CDEEC6A161F18C900923EDC /* ATTAdKitSampleApp.app */;
			productType = "com.apple.product-type.application";
		};
/* End PBXNativeTarget section */

/* Begin PBXProject section */
		2CDEEC61161F18C900923EDC /* Project object */ = {
			isa = PBXProject;
			attributes = {
				LastUpgradeCheck = 0430;
				ORGANIZATIONNAME = netCracker;
			};
			buildConfigurationList = 2CDEEC64161F18C900923EDC /* Build configuration list for PBXProject "ATTAdKitSampleApp" */;
			compatibilityVersion = "Xcode 3.2";
			developmentRegion = English;
			hasScannedForEncodings = 0;
			knownRegions = (
				en,
			);
			mainGroup = 2CDEEC5F161F18C900923EDC;
			productRefGroup = 2CDEEC6B161F18C900923EDC /* Products */;
			projectDirPath = "";
			projectRoot = "";
			targets = (
				2CDEEC69161F18C900923EDC /* ATTAdKitSampleApp */,
				3D319A6F163049F800BEBAC3 /* IPA */,
			);
		};
/* End PBXProject section */

/* Begin PBXResourcesBuildPhase section */
		2CDEEC68161F18C900923EDC /* Resources */ = {
			isa = PBXResourcesBuildPhase;
			buildActionMask = 2147483647;
			files = (
				2C5D8E4D1622ED9E006ED886 /* cb_dark_off.png in Resources */,
				2C5D8E4E1622ED9E006ED886 /* cb_dark_off@2x.png in Resources */,
				2C5D8E4F1622ED9E006ED886 /* cb_dark_on.png in Resources */,
				2C5D8E501622ED9E006ED886 /* cb_dark_on@2x.png in Resources */,
				2CDEEC79161F18CA00923EDC /* InfoPlist.strings in Resources */,
				2CDEEC90161F18CA00923EDC /* FirstViewController.xib in Resources */,
				2CDEEC93161F18CA00923EDC /* SecondViewController.xib in Resources */,
				2CDEEC9E161F190800923EDC /* ThirdViewController.xib in Resources */,
				2C5D8E551622FD97006ED886 /* GetAd.png in Resources */,
				2C5D8E561622FD97006ED886 /* Response.png in Resources */,
				2C5D8E571622FD97006ED886 /* Settings.png in Resources */,
				3D214C1F1626C85700388A52 /* DropDownCell.xib in Resources */,
				3D214C231626C87100388A52 /* arrow_down.png in Resources */,
				3D214C241626C87100388A52 /* arrow_up.png in Resources */,
				3D214C291626ED8400388A52 /* UITableContract.png in Resources */,
				3D214C2A1626ED8400388A52 /* UITableContract@2x.png in Resources */,
				3D214C2B1626ED8400388A52 /* UITableExpand.png in Resources */,
				3D214C2C1626ED8400388A52 /* UITableExpand@2x.png in Resources */,
				3D319A7716304C6F00BEBAC3 /* iTunesArtwork.png in Resources */,
				3DEAA7EE1636680D00AEE0FF /* Icon.png in Resources */,
				3DEAA7EF1636680D00AEE0FF /* Icon@2x.png in Resources */,
				3DEAA7F21636681B00AEE0FF /* splash.png in Resources */,
				3DEAA7F31636681B00AEE0FF /* splash@2x.png in Resources */,
				3D1D12761639996C008277DC /* popupCloseBtn.png in Resources */,
				3D1D12771639996C008277DC /* popupCloseBtn@2x.png in Resources */,
				3D1D12781639996C008277DC /* popupWindowBack.png in Resources */,
				3D1D12791639996C008277DC /* popupWindowBack@2x.png in Resources */,
				5CF4972D1642991F0034A267 /* Default-568h@2x.png in Resources */,
			);
			runOnlyForDeploymentPostprocessing = 0;
		};
/* End PBXResourcesBuildPhase section */

/* Begin PBXShellScriptBuildPhase section */
		3D319A7316304A0200BEBAC3 /* ShellScript */ = {
			isa = PBXShellScriptBuildPhase;
			buildActionMask = 2147483647;
			files = (
			);
			inputPaths = (
			);
			outputPaths = (
			);
			runOnlyForDeploymentPostprocessing = 0;
			shellPath = /bin/sh;
			shellScript = "#if [[ $BUILD_STYLE != \"Distribution Enterprise\" ]]; then\n#exit\n#fi\n\n#compress application\necho \"Making directory: $CONFIGURATION_BUILD_DIR/Payload\"\n/bin/mkdir \"$CONFIGURATION_BUILD_DIR/Payload\"\n\n/bin/cp -R \"$CONFIGURATION_BUILD_DIR/ATTAdKitSampleApp.app\" \"$CONFIGURATION_BUILD_DIR/Payload/\"\n/bin/cp iTunesArtwork.png  \"$CONFIGURATION_BUILD_DIR/iTunesArtwork\"\n\n\ncd \"$CONFIGURATION_BUILD_DIR\"\n\n# Zip up the ATTAdKit directory\n/usr/bin/zip -r ATTAdKitSampleApp.ipa Payload iTunesArtwork";
		};
/* End PBXShellScriptBuildPhase section */

/* Begin PBXSourcesBuildPhase section */
		2CDEEC66161F18C900923EDC /* Sources */ = {
			isa = PBXSourcesBuildPhase;
			buildActionMask = 2147483647;
			files = (
				2CDEEC7B161F18CA00923EDC /* main.m in Sources */,
				2CDEEC7F161F18CA00923EDC /* AppDelegate.m in Sources */,
				2CDEEC82161F18CA00923EDC /* FirstViewController.m in Sources */,
				2CDEEC89161F18CA00923EDC /* SecondViewController.m in Sources */,
				2CDEEC9D161F190800923EDC /* ThirdViewController.m in Sources */,
				3D214C1E1626C85700388A52 /* DropDownCell.m in Sources */,
				3D0AA522164BB40600C6A894 /* ATTPopupWindow.m in Sources */,
				3D8E2E85165F883B00701DD3 /* Reachability.m in Sources */,
			);
			runOnlyForDeploymentPostprocessing = 0;
		};
/* End PBXSourcesBuildPhase section */

/* Begin PBXTargetDependency section */
		3D319A7516304A2C00BEBAC3 /* PBXTargetDependency */ = {
			isa = PBXTargetDependency;
			target = 2CDEEC69161F18C900923EDC /* ATTAdKitSampleApp */;
			targetProxy = 3D319A7416304A2C00BEBAC3 /* PBXContainerItemProxy */;
		};
/* End PBXTargetDependency section */

/* Begin PBXVariantGroup section */
		2CDEEC77161F18C900923EDC /* InfoPlist.strings */ = {
			isa = PBXVariantGroup;
			children = (
				2CDEEC78161F18C900923EDC /* en */,
			);
			name = InfoPlist.strings;
			sourceTree = "<group>";
		};
		2CDEEC8E161F18CA00923EDC /* FirstViewController.xib */ = {
			isa = PBXVariantGroup;
			children = (
				2CDEEC8F161F18CA00923EDC /* en */,
			);
			name = FirstViewController.xib;
			sourceTree = "<group>";
		};
		2CDEEC91161F18CA00923EDC /* SecondViewController.xib */ = {
			isa = PBXVariantGroup;
			children = (
				2CDEEC92161F18CA00923EDC /* en */,
			);
			name = SecondViewController.xib;
			sourceTree = "<group>";
		};
/* End PBXVariantGroup section */

/* Begin XCBuildConfiguration section */
		2CDEEC94161F18CA00923EDC /* Debug */ = {
			isa = XCBuildConfiguration;
			buildSettings = {
				ALWAYS_SEARCH_USER_PATHS = NO;
				ARCHS = armv7;
				CLANG_CXX_LANGUAGE_STANDARD = "gnu++0x";
				CLANG_WARN__DUPLICATE_METHOD_MATCH = YES;
				"CODE_SIGN_IDENTITY[sdk=iphoneos*]" = "iPhone Developer";
				COPY_PHASE_STRIP = NO;
				GCC_C_LANGUAGE_STANDARD = gnu99;
				GCC_DYNAMIC_NO_PIC = NO;
				GCC_OPTIMIZATION_LEVEL = 0;
				GCC_PREPROCESSOR_DEFINITIONS = (
					"DEBUG=1",
					"$(inherited)",
				);
				GCC_SYMBOLS_PRIVATE_EXTERN = NO;
				GCC_VERSION = com.apple.compilers.llvm.clang.1_0;
				GCC_WARN_ABOUT_RETURN_TYPE = YES;
				GCC_WARN_UNINITIALIZED_AUTOS = YES;
				GCC_WARN_UNUSED_VARIABLE = YES;
				IPHONEOS_DEPLOYMENT_TARGET = 3.0;
				SDKROOT = iphoneos;
				VALID_ARCHS = armv7;
			};
			name = Debug;
		};
		2CDEEC95161F18CA00923EDC /* Release */ = {
			isa = XCBuildConfiguration;
			buildSettings = {
				ALWAYS_SEARCH_USER_PATHS = NO;
				ARCHS = armv7;
				CLANG_CXX_LANGUAGE_STANDARD = "gnu++0x";
				CLANG_WARN__DUPLICATE_METHOD_MATCH = YES;
				"CODE_SIGN_IDENTITY[sdk=iphoneos*]" = "iPhone Developer";
				COPY_PHASE_STRIP = YES;
				GCC_C_LANGUAGE_STANDARD = gnu99;
				GCC_VERSION = com.apple.compilers.llvm.clang.1_0;
				GCC_WARN_ABOUT_RETURN_TYPE = YES;
				GCC_WARN_UNINITIALIZED_AUTOS = YES;
				GCC_WARN_UNUSED_VARIABLE = YES;
				IPHONEOS_DEPLOYMENT_TARGET = 3.0;
				OTHER_CFLAGS = "-DNS_BLOCK_ASSERTIONS=1";
				SDKROOT = iphoneos;
				VALIDATE_PRODUCT = YES;
				VALID_ARCHS = armv7;
			};
			name = Release;
		};
		2CDEEC97161F18CA00923EDC /* Debug */ = {
			isa = XCBuildConfiguration;
			buildSettings = {
				CODE_SIGN_IDENTITY = "iPhone Developer";
				"CODE_SIGN_IDENTITY[sdk=iphoneos*]" = "iPhone Developer";
				GCC_PRECOMPILE_PREFIX_HEADER = YES;
				GCC_PREFIX_HEADER = "SampleAppTemplate/ATTAdKitSampleApp-Prefix.pch";
				INFOPLIST_FILE = "SampleAppTemplate/ATTAdKitSampleApp-Info.plist";
				IPHONEOS_DEPLOYMENT_TARGET = 3.0;
				LIBRARY_SEARCH_PATHS = (
					"$(inherited)",
					"\"$(SRCROOT)\"",
					"\"$(SRCROOT)/../../Debug-universal\"",
				);
				OTHER_LDFLAGS = (
					"-ObjC",
					"-all_load",
				);
				PRODUCT_NAME = ATTAdKitSampleApp;
				PROVISIONING_PROFILE = "";
				"PROVISIONING_PROFILE[sdk=iphoneos*]" = "";
				TARGETED_DEVICE_FAMILY = 1;
				WRAPPER_EXTENSION = app;
			};
			name = Debug;
		};
		2CDEEC98161F18CA00923EDC /* Release */ = {
			isa = XCBuildConfiguration;
			buildSettings = {
				CODE_SIGN_IDENTITY = "iPhone Developer";
				"CODE_SIGN_IDENTITY[sdk=iphoneos*]" = "iPhone Developer";
				GCC_PRECOMPILE_PREFIX_HEADER = YES;
				GCC_PREFIX_HEADER = "SampleAppTemplate/ATTAdKitSampleApp-Prefix.pch";
				INFOPLIST_FILE = "SampleAppTemplate/ATTAdKitSampleApp-Info.plist";
				IPHONEOS_DEPLOYMENT_TARGET = 3.0;
				LIBRARY_SEARCH_PATHS = (
					"$(inherited)",
					"\"$(SRCROOT)\"",
					"\"$(SRCROOT)/../../Debug-universal\"",
				);
				OTHER_LDFLAGS = (
					"-ObjC",
					"-all_load",
				);
				PRODUCT_NAME = ATTAdKitSampleApp;
				PROVISIONING_PROFILE = "";
				"PROVISIONING_PROFILE[sdk=iphoneos*]" = "";
				TARGETED_DEVICE_FAMILY = 1;
				WRAPPER_EXTENSION = app;
			};
			name = Release;
		};
		3D319A71163049F800BEBAC3 /* Debug */ = {
			isa = XCBuildConfiguration;
			buildSettings = {
				ARCHS = (
					armv6,
					armv7,
				);
				GCC_PREPROCESSOR_DEFINITIONS = (
					iPhone,
					Distribution,
				);
				GCC_SYMBOLS_PRIVATE_EXTERN = "iPhone Distribution";
				GCC_THUMB_SUPPORT = NO;
				GCC_WARN_ABOUT_RETURN_TYPE = "";
				PRODUCT_NAME = "$(TARGET_NAME)";
			};
			name = Debug;
		};
		3D319A72163049F800BEBAC3 /* Release */ = {
			isa = XCBuildConfiguration;
			buildSettings = {
				ARCHS = (
					armv6,
					armv7,
				);
				GCC_PREPROCESSOR_DEFINITIONS = (
					iPhone,
					Distribution,
				);
				GCC_SYMBOLS_PRIVATE_EXTERN = "iPhone Distribution";
				GCC_THUMB_SUPPORT = NO;
				GCC_WARN_ABOUT_RETURN_TYPE = "";
				PRODUCT_NAME = "$(TARGET_NAME)";
			};
			name = Release;
		};
		3D54F1921631AD2B00899BB1 /* Distribution Enterprise */ = {
			isa = XCBuildConfiguration;
			buildSettings = {
				ALWAYS_SEARCH_USER_PATHS = NO;
				ARCHS = armv7;
				CLANG_CXX_LANGUAGE_STANDARD = "gnu++0x";
				CLANG_WARN__DUPLICATE_METHOD_MATCH = YES;
				"CODE_SIGN_IDENTITY[sdk=iphoneos*]" = "iPhone Distribution";
				COPY_PHASE_STRIP = YES;
				GCC_C_LANGUAGE_STANDARD = gnu99;
				GCC_VERSION = com.apple.compilers.llvm.clang.1_0;
				GCC_WARN_ABOUT_RETURN_TYPE = YES;
				GCC_WARN_UNINITIALIZED_AUTOS = YES;
				GCC_WARN_UNUSED_VARIABLE = YES;
				IPHONEOS_DEPLOYMENT_TARGET = 3.0;
				OTHER_CFLAGS = "-DNS_BLOCK_ASSERTIONS=1";
				SDKROOT = iphoneos;
				VALIDATE_PRODUCT = YES;
				VALID_ARCHS = armv7;
			};
			name = "Distribution Enterprise";
		};
		3D54F1931631AD2B00899BB1 /* Distribution Enterprise */ = {
			isa = XCBuildConfiguration;
			buildSettings = {
				CODE_SIGN_IDENTITY = "iPhone Distribution";
				"CODE_SIGN_IDENTITY[sdk=iphoneos*]" = "iPhone Distribution";
				GCC_PRECOMPILE_PREFIX_HEADER = YES;
				GCC_PREFIX_HEADER = "SampleAppTemplate/ATTAdKitSampleApp-Prefix.pch";
				INFOPLIST_FILE = "SampleAppTemplate/ATTAdKitSampleApp-Info.plist";
				IPHONEOS_DEPLOYMENT_TARGET = 3.0;
				LIBRARY_SEARCH_PATHS = (
					"$(inherited)",
					"\"$(SRCROOT)\"",
					"\"$(SRCROOT)/../../Debug-universal\"",
				);
				OTHER_LDFLAGS = (
					"-ObjC",
					"-all_load",
				);
				PRODUCT_NAME = ATTAdKitSampleApp;
				PROVISIONING_PROFILE = "";
				"PROVISIONING_PROFILE[sdk=iphoneos*]" = "";
				TARGETED_DEVICE_FAMILY = 1;
				WRAPPER_EXTENSION = app;
			};
			name = "Distribution Enterprise";
		};
		3D54F1941631AD2B00899BB1 /* Distribution Enterprise */ = {
			isa = XCBuildConfiguration;
			buildSettings = {
				ARCHS = (
					armv6,
					armv7,
				);
				CODE_SIGN_IDENTITY = "iPhone Distribution";
				GCC_PREPROCESSOR_DEFINITIONS = (
					iPhone,
					Distribution,
				);
				GCC_SYMBOLS_PRIVATE_EXTERN = "iPhone Distribution";
				GCC_THUMB_SUPPORT = NO;
				GCC_WARN_ABOUT_RETURN_TYPE = "";
				PRODUCT_NAME = "$(TARGET_NAME)";
			};
			name = "Distribution Enterprise";
		};
/* End XCBuildConfiguration section */

/* Begin XCConfigurationList section */
		2CDEEC64161F18C900923EDC /* Build configuration list for PBXProject "ATTAdKitSampleApp" */ = {
			isa = XCConfigurationList;
			buildConfigurations = (
				2CDEEC94161F18CA00923EDC /* Debug */,
				2CDEEC95161F18CA00923EDC /* Release */,
				3D54F1921631AD2B00899BB1 /* Distribution Enterprise */,
			);
			defaultConfigurationIsVisible = 0;
			defaultConfigurationName = Release;
		};
		2CDEEC96161F18CA00923EDC /* Build configuration list for PBXNativeTarget "ATTAdKitSampleApp" */ = {
			isa = XCConfigurationList;
			buildConfigurations = (
				2CDEEC97161F18CA00923EDC /* Debug */,
				2CDEEC98161F18CA00923EDC /* Release */,
				3D54F1931631AD2B00899BB1 /* Distribution Enterprise */,
			);
			defaultConfigurationIsVisible = 0;
			defaultConfigurationName = Release;
		};
		3D319A70163049F800BEBAC3 /* Build configuration list for PBXAggregateTarget "IPA" */ = {
			isa = XCConfigurationList;
			buildConfigurations = (
				3D319A71163049F800BEBAC3 /* Debug */,
				3D319A72163049F800BEBAC3 /* Release */,
				3D54F1941631AD2B00899BB1 /* Distribution Enterprise */,
			);
			defaultConfigurationIsVisible = 0;
			defaultConfigurationName = Release;
		};
/* End XCConfigurationList section */
	};
	rootObject = 2CDEEC61161F18C900923EDC /* Project object */;
}
