GEM
  remote: https://rubygems.org/
  remote: https://lprod.code-api-att.com/gemserver/
  specs:
    att-codekit (6.0.0)
      immutable_struct
      json
      rest-client
    backports (3.6.4)
    domain_name (0.5.20160310)
      unf (>= 0.0.5, < 1.0.0)
    http-cookie (1.0.2)
      domain_name (~> 0.5)
    immutable_struct (1.2.0)
    json (1.8.3)
    mime-types (2.99.2)
    multi_json (1.11.1)
    netrc (0.11.0)
    rack (1.6.4)
    rack-protection (1.5.3)
      rack
    rack-test (0.6.3)
      rack (>= 1.0)
    rest-client (1.8.0)
      http-cookie (>= 1.0.2, < 2.0)
      mime-types (>= 1.16, < 3.0)
      netrc (~> 0.7)
    sinatra (1.4.6)
      rack (~> 1.4)
      rack-protection (~> 1.4)
      tilt (>= 1.3, < 3)
    sinatra-contrib (1.4.4)
      backports (>= 2.0)
      multi_json
      rack-protection
      rack-test
      sinatra (~> 1.4.0)
      tilt (>= 1.3, < 3)
    tilt (2.0.1)
    unf (0.1.4)
      unf_ext
    unf_ext (0.0.7.2)

PLATFORMS
  ruby

DEPENDENCIES
  att-codekit (~> 6.0)!
  rack!
  sinatra (~> 1.4)!
  sinatra-contrib!

BUNDLED WITH
   1.12.5
