
Microsoft Visual Studio Solution File, Format Version 11.00
# Visual Studio 2010
Project("{E24C65DC-7377-472B-9ABA-BC803B73C61A}") = "App1", ".", "{F128FB8E-FC5B-4392-9BE4-038324ED3D8C}"
	ProjectSection(WebsiteProperties) = preProject
		TargetFrameworkMoniker = ".NETFramework,Version%3Dv4.0"
		Debug.AspNetCompiler.VirtualPath = "/App1"
		Debug.AspNetCompiler.PhysicalPath = "D:\R2.2\Release2_2\Code\MSSDKSampleApplications\vb\Ad\App1\"
		Debug.AspNetCompiler.TargetPath = "PrecompiledWeb\App1\"
		Debug.AspNetCompiler.Updateable = "true"
		Debug.AspNetCompiler.ForceOverwrite = "true"
		Debug.AspNetCompiler.FixedNames = "false"
		Debug.AspNetCompiler.Debug = "True"
		Release.AspNetCompiler.VirtualPath = "/App1"
		Release.AspNetCompiler.PhysicalPath = "D:\R2.2\Release2_2\Code\MSSDKSampleApplications\vb\Ad\App1\"
		Release.AspNetCompiler.TargetPath = "PrecompiledWeb\App1\"
		Release.AspNetCompiler.Updateable = "true"
		Release.AspNetCompiler.ForceOverwrite = "true"
		Release.AspNetCompiler.FixedNames = "false"
		Release.AspNetCompiler.Debug = "False"
		VWDPort = "53339"
	EndProjectSection
EndProject
Global
	GlobalSection(SolutionConfigurationPlatforms) = preSolution
		Debug|Any CPU = Debug|Any CPU
	EndGlobalSection
	GlobalSection(ProjectConfigurationPlatforms) = postSolution
		{F128FB8E-FC5B-4392-9BE4-038324ED3D8C}.Debug|Any CPU.ActiveCfg = Debug|Any CPU
		{F128FB8E-FC5B-4392-9BE4-038324ED3D8C}.Debug|Any CPU.Build.0 = Debug|Any CPU
	EndGlobalSection
	GlobalSection(SolutionProperties) = preSolution
		HideSolutionNode = FALSE
	EndGlobalSection
EndGlobal
