// !$*UTF8*$!
{
	archiveVersion = 1;
	classes = {
	};
	objectVersion = 46;
	objects = {

/* Begin PBXBuildFile section */
		7E32C8D4170A6F9F00085803 /* Default-Portrait.png in Resources */ = {isa = PBXBuildFile; fileRef = 7E32C8D3170A6F9F00085803 /* Default-Portrait.png */; };
		BB1878191704DB1200C60FF3 /* ATTSpeechKit.a in Frameworks */ = {isa = PBXBuildFile; fileRef = BB1878171704DB1200C60FF3 /* ATTSpeechKit.a */; };
		BB7FC2D917024CF7005FD567 /* UIKit.framework in Frameworks */ = {isa = PBXBuildFile; fileRef = BB7FC2D817024CF7005FD567 /* UIKit.framework */; };
		BB7FC2DB17024CF7005FD567 /* Foundation.framework in Frameworks */ = {isa = PBXBuildFile; fileRef = BB7FC2DA17024CF7005FD567 /* Foundation.framework */; };
		BB7FC2DD17024CF7005FD567 /* CoreGraphics.framework in Frameworks */ = {isa = PBXBuildFile; fileRef = BB7FC2DC17024CF7005FD567 /* CoreGraphics.framework */; };
		BB7FC30B17024E8D005FD567 /* SimpleGrammarAppDelegate.m in Sources */ = {isa = PBXBuildFile; fileRef = BB7FC30817024E8D005FD567 /* SimpleGrammarAppDelegate.m */; };
		BB7FC30C17024E8D005FD567 /* SimpleGrammarViewController.m in Sources */ = {isa = PBXBuildFile; fileRef = BB7FC30A17024E8D005FD567 /* SimpleGrammarViewController.m */; };
		BB7FC30F17024EB5005FD567 /* main.m in Sources */ = {isa = PBXBuildFile; fileRef = BB7FC30D17024EB5005FD567 /* main.m */; };
		BB7FC31B17024ED8005FD567 /* Default-568h@2x.png in Resources */ = {isa = PBXBuildFile; fileRef = BB7FC31117024ED8005FD567 /* Default-568h@2x.png */; };
		BB7FC31C17024ED8005FD567 /* Default.png in Resources */ = {isa = PBXBuildFile; fileRef = BB7FC31217024ED8005FD567 /* Default.png */; };
		BB7FC31E17024ED8005FD567 /* InfoPlist.strings in Resources */ = {isa = PBXBuildFile; fileRef = BB7FC31417024ED8005FD567 /* InfoPlist.strings */; };
		BB7FC31F17024ED8005FD567 /* MainStoryboard_iPad.storyboard in Resources */ = {isa = PBXBuildFile; fileRef = BB7FC31617024ED8005FD567 /* MainStoryboard_iPad.storyboard */; };
		BB7FC32017024ED8005FD567 /* MainStoryboard_iPhone.storyboard in Resources */ = {isa = PBXBuildFile; fileRef = BB7FC31817024ED8005FD567 /* MainStoryboard_iPhone.storyboard */; };
		BB7FC330170256A4005FD567 /* SpeechAuth.m in Sources */ = {isa = PBXBuildFile; fileRef = BB7FC32D170256A3005FD567 /* SpeechAuth.m */; };
		BB7FC331170256A4005FD567 /* SpeechConfig.m in Sources */ = {isa = PBXBuildFile; fileRef = BB7FC32F170256A3005FD567 /* SpeechConfig.m */; };
		BB7FC33317025968005FD567 /* AudioToolbox.framework in Frameworks */ = {isa = PBXBuildFile; fileRef = BB7FC33217025968005FD567 /* AudioToolbox.framework */; };
		BB7FC3351702598A005FD567 /* CFNetwork.framework in Frameworks */ = {isa = PBXBuildFile; fileRef = BB7FC3341702598A005FD567 /* CFNetwork.framework */; };
		BB7FC338170259C2005FD567 /* AVFoundation.framework in Frameworks */ = {isa = PBXBuildFile; fileRef = BB7FC336170259C2005FD567 /* AVFoundation.framework */; };
		BB7FC339170259C2005FD567 /* Security.framework in Frameworks */ = {isa = PBXBuildFile; fileRef = BB7FC337170259C2005FD567 /* Security.framework */; };
		BB7FC34717037654005FD567 /* pizza.srgs in Resources */ = {isa = PBXBuildFile; fileRef = BB7FC34617037654005FD567 /* pizza.srgs */; };
		BB7FC3491703795B005FD567 /* README.markdown in Resources */ = {isa = PBXBuildFile; fileRef = BB7FC3481703795B005FD567 /* README.markdown */; };
		BB85E900170398BD00DB79FF /* SimpleGrammarData.m in Sources */ = {isa = PBXBuildFile; fileRef = BB85E8FF170398BD00DB79FF /* SimpleGrammarData.m */; };
/* End PBXBuildFile section */

/* Begin PBXFileReference section */
		7E32C8D3170A6F9F00085803 /* Default-Portrait.png */ = {isa = PBXFileReference; lastKnownFileType = image.png; path = "Default-Portrait.png"; sourceTree = "<group>"; };
		BB1878171704DB1200C60FF3 /* ATTSpeechKit.a */ = {isa = PBXFileReference; lastKnownFileType = archive.ar; path = ATTSpeechKit.a; sourceTree = "<group>"; };
		BB1878181704DB1200C60FF3 /* ATTSpeechKit.h */ = {isa = PBXFileReference; fileEncoding = 4; lastKnownFileType = sourcecode.c.h; path = ATTSpeechKit.h; sourceTree = "<group>"; };
		BB7FC2D517024CF7005FD567 /* SimpleGrammar.app */ = {isa = PBXFileReference; explicitFileType = wrapper.application; includeInIndex = 0; path = SimpleGrammar.app; sourceTree = BUILT_PRODUCTS_DIR; };
		BB7FC2D817024CF7005FD567 /* UIKit.framework */ = {isa = PBXFileReference; lastKnownFileType = wrapper.framework; name = UIKit.framework; path = System/Library/Frameworks/UIKit.framework; sourceTree = SDKROOT; };
		BB7FC2DA17024CF7005FD567 /* Foundation.framework */ = {isa = PBXFileReference; lastKnownFileType = wrapper.framework; name = Foundation.framework; path = System/Library/Frameworks/Foundation.framework; sourceTree = SDKROOT; };
		BB7FC2DC17024CF7005FD567 /* CoreGraphics.framework */ = {isa = PBXFileReference; lastKnownFileType = wrapper.framework; name = CoreGraphics.framework; path = System/Library/Frameworks/CoreGraphics.framework; sourceTree = SDKROOT; };
		BB7FC30717024E8D005FD567 /* SimpleGrammarAppDelegate.h */ = {isa = PBXFileReference; fileEncoding = 4; lastKnownFileType = sourcecode.c.h; path = SimpleGrammarAppDelegate.h; sourceTree = "<group>"; };
		BB7FC30817024E8D005FD567 /* SimpleGrammarAppDelegate.m */ = {isa = PBXFileReference; fileEncoding = 4; lastKnownFileType = sourcecode.c.objc; path = SimpleGrammarAppDelegate.m; sourceTree = "<group>"; };
		BB7FC30917024E8D005FD567 /* SimpleGrammarViewController.h */ = {isa = PBXFileReference; fileEncoding = 4; lastKnownFileType = sourcecode.c.h; path = SimpleGrammarViewController.h; sourceTree = "<group>"; };
		BB7FC30A17024E8D005FD567 /* SimpleGrammarViewController.m */ = {isa = PBXFileReference; fileEncoding = 4; lastKnownFileType = sourcecode.c.objc; path = SimpleGrammarViewController.m; sourceTree = "<group>"; };
		BB7FC30D17024EB5005FD567 /* main.m */ = {isa = PBXFileReference; fileEncoding = 4; lastKnownFileType = sourcecode.c.objc; path = main.m; sourceTree = SOURCE_ROOT; };
		BB7FC30E17024EB5005FD567 /* SimpleGrammar-Prefix.pch */ = {isa = PBXFileReference; fileEncoding = 4; lastKnownFileType = sourcecode.c.h; path = "SimpleGrammar-Prefix.pch"; sourceTree = SOURCE_ROOT; };
		BB7FC31117024ED8005FD567 /* Default-568h@2x.png */ = {isa = PBXFileReference; lastKnownFileType = image.png; path = "Default-568h@2x.png"; sourceTree = "<group>"; };
		BB7FC31217024ED8005FD567 /* Default.png */ = {isa = PBXFileReference; lastKnownFileType = image.png; path = Default.png; sourceTree = "<group>"; };
		BB7FC31517024ED8005FD567 /* en */ = {isa = PBXFileReference; lastKnownFileType = text.plist.strings; name = en; path = en.lproj/InfoPlist.strings; sourceTree = "<group>"; };
		BB7FC31717024ED8005FD567 /* en */ = {isa = PBXFileReference; lastKnownFileType = file.storyboard; name = en; path = en.lproj/MainStoryboard_iPad.storyboard; sourceTree = "<group>"; };
		BB7FC31917024ED8005FD567 /* en */ = {isa = PBXFileReference; lastKnownFileType = file.storyboard; name = en; path = en.lproj/MainStoryboard_iPhone.storyboard; sourceTree = "<group>"; };
		BB7FC32217024F29005FD567 /* SimpleGrammar-Info.plist */ = {isa = PBXFileReference; fileEncoding = 4; lastKnownFileType = text.plist.xml; path = "SimpleGrammar-Info.plist"; sourceTree = SOURCE_ROOT; };
		BB7FC32C170256A3005FD567 /* SpeechAuth.h */ = {isa = PBXFileReference; fileEncoding = 4; lastKnownFileType = sourcecode.c.h; path = SpeechAuth.h; sourceTree = "<group>"; };
		BB7FC32D170256A3005FD567 /* SpeechAuth.m */ = {isa = PBXFileReference; fileEncoding = 4; lastKnownFileType = sourcecode.c.objc; path = SpeechAuth.m; sourceTree = "<group>"; };
		BB7FC32E170256A3005FD567 /* SpeechConfig.h */ = {isa = PBXFileReference; fileEncoding = 4; lastKnownFileType = sourcecode.c.h; path = SpeechConfig.h; sourceTree = "<group>"; };
		BB7FC32F170256A3005FD567 /* SpeechConfig.m */ = {isa = PBXFileReference; fileEncoding = 4; lastKnownFileType = sourcecode.c.objc; path = SpeechConfig.m; sourceTree = "<group>"; };
		BB7FC33217025968005FD567 /* AudioToolbox.framework */ = {isa = PBXFileReference; lastKnownFileType = wrapper.framework; name = AudioToolbox.framework; path = System/Library/Frameworks/AudioToolbox.framework; sourceTree = SDKROOT; };
		BB7FC3341702598A005FD567 /* CFNetwork.framework */ = {isa = PBXFileReference; lastKnownFileType = wrapper.framework; name = CFNetwork.framework; path = System/Library/Frameworks/CFNetwork.framework; sourceTree = SDKROOT; };
		BB7FC336170259C2005FD567 /* AVFoundation.framework */ = {isa = PBXFileReference; lastKnownFileType = wrapper.framework; name = AVFoundation.framework; path = System/Library/Frameworks/AVFoundation.framework; sourceTree = SDKROOT; };
		BB7FC337170259C2005FD567 /* Security.framework */ = {isa = PBXFileReference; lastKnownFileType = wrapper.framework; name = Security.framework; path = System/Library/Frameworks/Security.framework; sourceTree = SDKROOT; };
		BB7FC34617037654005FD567 /* pizza.srgs */ = {isa = PBXFileReference; fileEncoding = 4; lastKnownFileType = text; path = pizza.srgs; sourceTree = "<group>"; };
		BB7FC3481703795B005FD567 /* README.markdown */ = {isa = PBXFileReference; fileEncoding = 4; lastKnownFileType = text; path = README.markdown; sourceTree = SOURCE_ROOT; };
		BB85E8FE170398BD00DB79FF /* SimpleGrammarData.h */ = {isa = PBXFileReference; fileEncoding = 4; lastKnownFileType = sourcecode.c.h; path = SimpleGrammarData.h; sourceTree = "<group>"; };
		BB85E8FF170398BD00DB79FF /* SimpleGrammarData.m */ = {isa = PBXFileReference; fileEncoding = 4; lastKnownFileType = sourcecode.c.objc; path = SimpleGrammarData.m; sourceTree = "<group>"; };
/* End PBXFileReference section */

/* Begin PBXFrameworksBuildPhase section */
		BB7FC2D217024CF7005FD567 /* Frameworks */ = {
			isa = PBXFrameworksBuildPhase;
			buildActionMask = 2147483647;
			files = (
				BB7FC2D917024CF7005FD567 /* UIKit.framework in Frameworks */,
				BB7FC2DB17024CF7005FD567 /* Foundation.framework in Frameworks */,
				BB7FC2DD17024CF7005FD567 /* CoreGraphics.framework in Frameworks */,
				BB7FC33317025968005FD567 /* AudioToolbox.framework in Frameworks */,
				BB7FC3351702598A005FD567 /* CFNetwork.framework in Frameworks */,
				BB7FC338170259C2005FD567 /* AVFoundation.framework in Frameworks */,
				BB7FC339170259C2005FD567 /* Security.framework in Frameworks */,
				BB1878191704DB1200C60FF3 /* ATTSpeechKit.a in Frameworks */,
			);
			runOnlyForDeploymentPostprocessing = 0;
		};
/* End PBXFrameworksBuildPhase section */

/* Begin PBXGroup section */
		BB7FC2CC17024CF7005FD567 = {
			isa = PBXGroup;
			children = (
				BB7FC2DE17024CF7005FD567 /* SimpleGrammar */,
				BB7FC2D717024CF7005FD567 /* Frameworks */,
				BB7FC2D617024CF7005FD567 /* Products */,
			);
			sourceTree = "<group>";
		};
		BB7FC2D617024CF7005FD567 /* Products */ = {
			isa = PBXGroup;
			children = (
				BB7FC2D517024CF7005FD567 /* SimpleGrammar.app */,
			);
			name = Products;
			sourceTree = "<group>";
		};
		BB7FC2D717024CF7005FD567 /* Frameworks */ = {
			isa = PBXGroup;
			children = (
				BB7FC336170259C2005FD567 /* AVFoundation.framework */,
				BB7FC337170259C2005FD567 /* Security.framework */,
				BB7FC3341702598A005FD567 /* CFNetwork.framework */,
				BB7FC33217025968005FD567 /* AudioToolbox.framework */,
				BB7FC2D817024CF7005FD567 /* UIKit.framework */,
				BB7FC2DA17024CF7005FD567 /* Foundation.framework */,
				BB7FC2DC17024CF7005FD567 /* CoreGraphics.framework */,
			);
			name = Frameworks;
			sourceTree = "<group>";
		};
		BB7FC2DE17024CF7005FD567 /* SimpleGrammar */ = {
			isa = PBXGroup;
			children = (
				BB7FC3481703795B005FD567 /* README.markdown */,
				BB7FC32517024F70005FD567 /* ATTSpeechKit */,
				BB7FC30617024E8D005FD567 /* Classes */,
				BB7FC2DF17024CF7005FD567 /* Other Sources */,
				BB7FC31017024ED8005FD567 /* Resources */,
			);
			path = SimpleGrammar;
			sourceTree = "<group>";
		};
		BB7FC2DF17024CF7005FD567 /* Other Sources */ = {
			isa = PBXGroup;
			children = (
				BB7FC30D17024EB5005FD567 /* main.m */,
				BB7FC30E17024EB5005FD567 /* SimpleGrammar-Prefix.pch */,
				BB7FC32217024F29005FD567 /* SimpleGrammar-Info.plist */,
			);
			name = "Other Sources";
			sourceTree = "<group>";
		};
		BB7FC30617024E8D005FD567 /* Classes */ = {
			isa = PBXGroup;
			children = (
				BB7FC30717024E8D005FD567 /* SimpleGrammarAppDelegate.h */,
				BB7FC30817024E8D005FD567 /* SimpleGrammarAppDelegate.m */,
				BB85E8FE170398BD00DB79FF /* SimpleGrammarData.h */,
				BB85E8FF170398BD00DB79FF /* SimpleGrammarData.m */,
				BB7FC30917024E8D005FD567 /* SimpleGrammarViewController.h */,
				BB7FC30A17024E8D005FD567 /* SimpleGrammarViewController.m */,
				BB7FC32C170256A3005FD567 /* SpeechAuth.h */,
				BB7FC32D170256A3005FD567 /* SpeechAuth.m */,
				BB7FC32E170256A3005FD567 /* SpeechConfig.h */,
				BB7FC32F170256A3005FD567 /* SpeechConfig.m */,
			);
			path = Classes;
			sourceTree = SOURCE_ROOT;
		};
		BB7FC31017024ED8005FD567 /* Resources */ = {
			isa = PBXGroup;
			children = (
				7E32C8D3170A6F9F00085803 /* Default-Portrait.png */,
				BB7FC31117024ED8005FD567 /* Default-568h@2x.png */,
				BB7FC31217024ED8005FD567 /* Default.png */,
				BB7FC31417024ED8005FD567 /* InfoPlist.strings */,
				BB7FC31617024ED8005FD567 /* MainStoryboard_iPad.storyboard */,
				BB7FC31817024ED8005FD567 /* MainStoryboard_iPhone.storyboard */,
				BB7FC34617037654005FD567 /* pizza.srgs */,
			);
			path = Resources;
			sourceTree = SOURCE_ROOT;
		};
		BB7FC32517024F70005FD567 /* ATTSpeechKit */ = {
			isa = PBXGroup;
			children = (
				BB1878171704DB1200C60FF3 /* ATTSpeechKit.a */,
				BB1878181704DB1200C60FF3 /* ATTSpeechKit.h */,
			);
			path = ATTSpeechKit;
			sourceTree = SOURCE_ROOT;
		};
/* End PBXGroup section */

/* Begin PBXNativeTarget section */
		BB7FC2D417024CF7005FD567 /* SimpleGrammar */ = {
			isa = PBXNativeTarget;
			buildConfigurationList = BB7FC2FB17024CF7005FD567 /* Build configuration list for PBXNativeTarget "SimpleGrammar" */;
			buildPhases = (
				BB7FC2D117024CF7005FD567 /* Sources */,
				BB7FC2D217024CF7005FD567 /* Frameworks */,
				BB7FC2D317024CF7005FD567 /* Resources */,
			);
			buildRules = (
			);
			dependencies = (
			);
			name = SimpleGrammar;
			productName = SimpleGrammar;
			productReference = BB7FC2D517024CF7005FD567 /* SimpleGrammar.app */;
			productType = "com.apple.product-type.application";
		};
/* End PBXNativeTarget section */

/* Begin PBXProject section */
		BB7FC2CD17024CF7005FD567 /* Project object */ = {
			isa = PBXProject;
			attributes = {
				LastUpgradeCheck = 0460;
				ORGANIZATIONNAME = "AT&T";
			};
			buildConfigurationList = BB7FC2D017024CF7005FD567 /* Build configuration list for PBXProject "SimpleGrammar" */;
			compatibilityVersion = "Xcode 3.2";
			developmentRegion = English;
			hasScannedForEncodings = 0;
			knownRegions = (
				en,
			);
			mainGroup = BB7FC2CC17024CF7005FD567;
			productRefGroup = BB7FC2D617024CF7005FD567 /* Products */;
			projectDirPath = "";
			projectRoot = "";
			targets = (
				BB7FC2D417024CF7005FD567 /* SimpleGrammar */,
			);
		};
/* End PBXProject section */

/* Begin PBXResourcesBuildPhase section */
		BB7FC2D317024CF7005FD567 /* Resources */ = {
			isa = PBXResourcesBuildPhase;
			buildActionMask = 2147483647;
			files = (
				BB7FC31B17024ED8005FD567 /* Default-568h@2x.png in Resources */,
				BB7FC31C17024ED8005FD567 /* Default.png in Resources */,
				BB7FC31E17024ED8005FD567 /* InfoPlist.strings in Resources */,
				BB7FC31F17024ED8005FD567 /* MainStoryboard_iPad.storyboard in Resources */,
				BB7FC32017024ED8005FD567 /* MainStoryboard_iPhone.storyboard in Resources */,
				BB7FC34717037654005FD567 /* pizza.srgs in Resources */,
				BB7FC3491703795B005FD567 /* README.markdown in Resources */,
				7E32C8D4170A6F9F00085803 /* Default-Portrait.png in Resources */,
			);
			runOnlyForDeploymentPostprocessing = 0;
		};
/* End PBXResourcesBuildPhase section */

/* Begin PBXSourcesBuildPhase section */
		BB7FC2D117024CF7005FD567 /* Sources */ = {
			isa = PBXSourcesBuildPhase;
			buildActionMask = 2147483647;
			files = (
				BB7FC30B17024E8D005FD567 /* SimpleGrammarAppDelegate.m in Sources */,
				BB7FC30C17024E8D005FD567 /* SimpleGrammarViewController.m in Sources */,
				BB7FC30F17024EB5005FD567 /* main.m in Sources */,
				BB7FC330170256A4005FD567 /* SpeechAuth.m in Sources */,
				BB7FC331170256A4005FD567 /* SpeechConfig.m in Sources */,
				BB85E900170398BD00DB79FF /* SimpleGrammarData.m in Sources */,
			);
			runOnlyForDeploymentPostprocessing = 0;
		};
/* End PBXSourcesBuildPhase section */

/* Begin PBXVariantGroup section */
		BB7FC31417024ED8005FD567 /* InfoPlist.strings */ = {
			isa = PBXVariantGroup;
			children = (
				BB7FC31517024ED8005FD567 /* en */,
			);
			name = InfoPlist.strings;
			sourceTree = "<group>";
		};
		BB7FC31617024ED8005FD567 /* MainStoryboard_iPad.storyboard */ = {
			isa = PBXVariantGroup;
			children = (
				BB7FC31717024ED8005FD567 /* en */,
			);
			name = MainStoryboard_iPad.storyboard;
			sourceTree = "<group>";
		};
		BB7FC31817024ED8005FD567 /* MainStoryboard_iPhone.storyboard */ = {
			isa = PBXVariantGroup;
			children = (
				BB7FC31917024ED8005FD567 /* en */,
			);
			name = MainStoryboard_iPhone.storyboard;
			sourceTree = "<group>";
		};
/* End PBXVariantGroup section */

/* Begin XCBuildConfiguration section */
		BB7FC2F917024CF7005FD567 /* Debug */ = {
			isa = XCBuildConfiguration;
			buildSettings = {
				ALWAYS_SEARCH_USER_PATHS = NO;
				CLANG_CXX_LANGUAGE_STANDARD = "gnu++0x";
				CLANG_CXX_LIBRARY = "libc++";
				CLANG_ENABLE_OBJC_ARC = YES;
				CLANG_WARN_CONSTANT_CONVERSION = YES;
				CLANG_WARN_EMPTY_BODY = YES;
				CLANG_WARN_ENUM_CONVERSION = YES;
				CLANG_WARN_INT_CONVERSION = YES;
				CLANG_WARN__DUPLICATE_METHOD_MATCH = YES;
				"CODE_SIGN_IDENTITY[sdk=iphoneos*]" = "iPhone Developer";
				COPY_PHASE_STRIP = NO;
				GCC_C_LANGUAGE_STANDARD = gnu99;
				GCC_DYNAMIC_NO_PIC = NO;
				GCC_OPTIMIZATION_LEVEL = 0;
				GCC_PREPROCESSOR_DEFINITIONS = (
					"DEBUG=1",
					"$(inherited)",
				);
				GCC_SYMBOLS_PRIVATE_EXTERN = NO;
				GCC_WARN_ABOUT_RETURN_TYPE = YES;
				GCC_WARN_UNINITIALIZED_AUTOS = YES;
				GCC_WARN_UNUSED_VARIABLE = YES;
				IPHONEOS_DEPLOYMENT_TARGET = 5.0;
				ONLY_ACTIVE_ARCH = YES;
				SDKROOT = iphoneos;
				TARGETED_DEVICE_FAMILY = "1,2";
			};
			name = Debug;
		};
		BB7FC2FA17024CF7005FD567 /* Release */ = {
			isa = XCBuildConfiguration;
			buildSettings = {
				ALWAYS_SEARCH_USER_PATHS = NO;
				CLANG_CXX_LANGUAGE_STANDARD = "gnu++0x";
				CLANG_CXX_LIBRARY = "libc++";
				CLANG_ENABLE_OBJC_ARC = YES;
				CLANG_WARN_CONSTANT_CONVERSION = YES;
				CLANG_WARN_EMPTY_BODY = YES;
				CLANG_WARN_ENUM_CONVERSION = YES;
				CLANG_WARN_INT_CONVERSION = YES;
				CLANG_WARN__DUPLICATE_METHOD_MATCH = YES;
				"CODE_SIGN_IDENTITY[sdk=iphoneos*]" = "iPhone Developer";
				COPY_PHASE_STRIP = YES;
				GCC_C_LANGUAGE_STANDARD = gnu99;
				GCC_WARN_ABOUT_RETURN_TYPE = YES;
				GCC_WARN_UNINITIALIZED_AUTOS = YES;
				GCC_WARN_UNUSED_VARIABLE = YES;
				IPHONEOS_DEPLOYMENT_TARGET = 5.0;
				OTHER_CFLAGS = "-DNS_BLOCK_ASSERTIONS=1";
				SDKROOT = iphoneos;
				TARGETED_DEVICE_FAMILY = "1,2";
				VALIDATE_PRODUCT = YES;
			};
			name = Release;
		};
		BB7FC2FC17024CF7005FD567 /* Debug */ = {
			isa = XCBuildConfiguration;
			buildSettings = {
				ARCHS = armv7;
				GCC_PRECOMPILE_PREFIX_HEADER = YES;
				GCC_PREFIX_HEADER = "SimpleGrammar-Prefix.pch";
				INFOPLIST_FILE = "SimpleGrammar-Info.plist";
				LIBRARY_SEARCH_PATHS = (
					"$(inherited)",
					"\"$(SRCROOT)/ATTSpeechKit\"",
				);
				PRODUCT_NAME = "$(TARGET_NAME)";
				VALID_ARCHS = armv7;
				WRAPPER_EXTENSION = app;
			};
			name = Debug;
		};
		BB7FC2FD17024CF7005FD567 /* Release */ = {
			isa = XCBuildConfiguration;
			buildSettings = {
				ARCHS = armv7;
				GCC_PRECOMPILE_PREFIX_HEADER = YES;
				GCC_PREFIX_HEADER = "SimpleGrammar-Prefix.pch";
				INFOPLIST_FILE = "SimpleGrammar-Info.plist";
				LIBRARY_SEARCH_PATHS = (
					"$(inherited)",
					"\"$(SRCROOT)/ATTSpeechKit\"",
				);
				PRODUCT_NAME = "$(TARGET_NAME)";
				VALID_ARCHS = armv7;
				WRAPPER_EXTENSION = app;
			};
			name = Release;
		};
/* End XCBuildConfiguration section */

/* Begin XCConfigurationList section */
		BB7FC2D017024CF7005FD567 /* Build configuration list for PBXProject "SimpleGrammar" */ = {
			isa = XCConfigurationList;
			buildConfigurations = (
				BB7FC2F917024CF7005FD567 /* Debug */,
				BB7FC2FA17024CF7005FD567 /* Release */,
			);
			defaultConfigurationIsVisible = 0;
			defaultConfigurationName = Release;
		};
		BB7FC2FB17024CF7005FD567 /* Build configuration list for PBXNativeTarget "SimpleGrammar" */ = {
			isa = XCConfigurationList;
			buildConfigurations = (
				BB7FC2FC17024CF7005FD567 /* Debug */,
				BB7FC2FD17024CF7005FD567 /* Release */,
			);
			defaultConfigurationIsVisible = 0;
			defaultConfigurationName = Release;
		};
/* End XCConfigurationList section */
	};
	rootObject = BB7FC2CD17024CF7005FD567 /* Project object */;
}
