
Microsoft Visual Studio Solution File, Format Version 11.00
# Visual Studio 2010
Project("{E24C65DC-7377-472B-9ABA-BC803B73C61A}") = "app2", ".", "{F83C2F70-B808-4832-A05E-1DA0F48D40CA}"
	ProjectSection(WebsiteProperties) = preProject
		TargetFrameworkMoniker = ".NETFramework,Version%3Dv4.0"
		Debug.AspNetCompiler.VirtualPath = "/app2"
		Debug.AspNetCompiler.PhysicalPath = "D:\SVN\APIPlatform\MSRestfulSDK\trunk\Code\MSSDKSampleApplications\csharp\payment\app2\"
		Debug.AspNetCompiler.TargetPath = "PrecompiledWeb\app2\"
		Debug.AspNetCompiler.Updateable = "true"
		Debug.AspNetCompiler.ForceOverwrite = "true"
		Debug.AspNetCompiler.FixedNames = "false"
		Debug.AspNetCompiler.Debug = "True"
		Release.AspNetCompiler.VirtualPath = "/app2"
		Release.AspNetCompiler.PhysicalPath = "D:\SVN\APIPlatform\MSRestfulSDK\trunk\Code\MSSDKSampleApplications\csharp\payment\app2\"
		Release.AspNetCompiler.TargetPath = "PrecompiledWeb\app2\"
		Release.AspNetCompiler.Updateable = "true"
		Release.AspNetCompiler.ForceOverwrite = "true"
		Release.AspNetCompiler.FixedNames = "false"
		Release.AspNetCompiler.Debug = "False"
		VWDPort = "60050"
	EndProjectSection
EndProject
Global
	GlobalSection(SolutionConfigurationPlatforms) = preSolution
		Debug|Any CPU = Debug|Any CPU
	EndGlobalSection
	GlobalSection(ProjectConfigurationPlatforms) = postSolution
		{F83C2F70-B808-4832-A05E-1DA0F48D40CA}.Debug|Any CPU.ActiveCfg = Debug|Any CPU
		{F83C2F70-B808-4832-A05E-1DA0F48D40CA}.Debug|Any CPU.Build.0 = Debug|Any CPU
	EndGlobalSection
	GlobalSection(SolutionProperties) = preSolution
		HideSolutionNode = FALSE
	EndGlobalSection
EndGlobal
