
Microsoft Visual Studio Solution File, Format Version 11.00
# Visual Studio 2010
Project("{E24C65DC-7377-472B-9ABA-BC803B73C61A}") = "App1", ".", "{F6CF9C48-57B2-4B12-8259-000A22CEB94B}"
	ProjectSection(WebsiteProperties) = preProject
		TargetFrameworkMoniker = ".NETFramework,Version%3Dv4.0"
		Debug.AspNetCompiler.VirtualPath = "/App1"
		Debug.AspNetCompiler.PhysicalPath = "D:\Wdev SVN _ 091012\MSRestfulSampleApplications\Vb\CallControl\App1\"
		Debug.AspNetCompiler.TargetPath = "PrecompiledWeb\App1\"
		Debug.AspNetCompiler.Updateable = "true"
		Debug.AspNetCompiler.ForceOverwrite = "true"
		Debug.AspNetCompiler.FixedNames = "false"
		Debug.AspNetCompiler.Debug = "True"
		Release.AspNetCompiler.VirtualPath = "/App1"
		Release.AspNetCompiler.PhysicalPath = "D:\Wdev SVN _ 091012\MSRestfulSampleApplications\Vb\CallControl\App1\"
		Release.AspNetCompiler.TargetPath = "PrecompiledWeb\App1\"
		Release.AspNetCompiler.Updateable = "true"
		Release.AspNetCompiler.ForceOverwrite = "true"
		Release.AspNetCompiler.FixedNames = "false"
		Release.AspNetCompiler.Debug = "False"
		VWDPort = "59368"
	EndProjectSection
EndProject
Global
	GlobalSection(SolutionConfigurationPlatforms) = preSolution
		Debug|Any CPU = Debug|Any CPU
	EndGlobalSection
	GlobalSection(ProjectConfigurationPlatforms) = postSolution
		{F6CF9C48-57B2-4B12-8259-000A22CEB94B}.Debug|Any CPU.ActiveCfg = Debug|Any CPU
		{F6CF9C48-57B2-4B12-8259-000A22CEB94B}.Debug|Any CPU.Build.0 = Debug|Any CPU
	EndGlobalSection
	GlobalSection(SolutionProperties) = preSolution
		HideSolutionNode = FALSE
	EndGlobalSection
EndGlobal
